PODS:
  - ActionSheetSelector (0.1.0)

DEPENDENCIES:
  - ActionSheetSelector (from `../`)

EXTERNAL SOURCES:
  ActionSheetSelector:
    :path: "../"

SPEC CHECKSUMS:
  ActionSheetSelector: ea11683c4351af0261adc1df1411fc3df8eed4c3

PODFILE CHECKSUM: d3ecba660a8d858114fc4c2f2e013a101a8b6940

COCOAPODS: 1.9.1
