PODS:
  - ActionSheetSelector (0.1.0)

DEPENDENCIES:
  - ActionSheetSelector (from `../`)

EXTERNAL SOURCES:
  ActionSheetSelector:
    :path: "../"

SPEC CHECKSUMS:
  ActionSheetSelector: 48ab3e6a3291f3a6fdcb3e148e9134dd6f947e2b

PODFILE CHECKSUM: d3ecba660a8d858114fc4c2f2e013a101a8b6940

COCOAPODS: 1.9.1
